
Microsoft Visual Studio Solution File, Format Version 12.00
# Visual Studio Version 17
VisualStudioVersion = 17.5.002.0
MinimumVisualStudioVersion = 10.0.40219.1
Project("{9A19103F-16F7-4668-BE54-9A1E7A4F7556}") = "IMC-V2", "IMC-V2.csproj", "{EAA6EDF4-FBDE-4568-A10F-9A01A7096212}"
EndProject
Global
	GlobalSection(SolutionConfigurationPlatforms) = preSolution
		Debug|Any CPU = Debug|Any CPU
		Release|Any CPU = Release|Any CPU
	EndGlobalSection
	GlobalSection(ProjectConfigurationPlatforms) = postSolution
		{EAA6EDF4-FBDE-4568-A10F-9A01A7096212}.Debug|Any CPU.ActiveCfg = Debug|Any CPU
		{EAA6EDF4-FBDE-4568-A10F-9A01A7096212}.Debug|Any CPU.Build.0 = Debug|Any CPU
		{EAA6EDF4-FBDE-4568-A10F-9A01A7096212}.Release|Any CPU.ActiveCfg = Release|Any CPU
		{EAA6EDF4-FBDE-4568-A10F-9A01A7096212}.Release|Any CPU.Build.0 = Release|Any CPU
	EndGlobalSection
	GlobalSection(SolutionProperties) = preSolution
		HideSolutionNode = FALSE
	EndGlobalSection
	GlobalSection(ExtensibilityGlobals) = postSolution
		SolutionGuid = {85FAED1F-79A1-460C-B04D-DE0D403198EE}
	EndGlobalSection
EndGlobal
