
Microsoft Visual Studio Solution File, Format Version 12.00
# Visual Studio Version 17
VisualStudioVersion = 17.7.34024.191
MinimumVisualStudioVersion = 10.0.40219.1
Project("{FAE04EC0-301F-11D3-BF4B-00C04F79EFBC}") = "RH", "RH\RH.csproj", "{3D97F8FE-7BB9-495D-B1B1-234852EEFAB3}"
EndProject
Global
	GlobalSection(SolutionConfigurationPlatforms) = preSolution
		Debug|Any CPU = Debug|Any CPU
		Release|Any CPU = Release|Any CPU
	EndGlobalSection
	GlobalSection(ProjectConfigurationPlatforms) = postSolution
		{3D97F8FE-7BB9-495D-B1B1-234852EEFAB3}.Debug|Any CPU.ActiveCfg = Debug|Any CPU
		{3D97F8FE-7BB9-495D-B1B1-234852EEFAB3}.Debug|Any CPU.Build.0 = Debug|Any CPU
		{3D97F8FE-7BB9-495D-B1B1-234852EEFAB3}.Release|Any CPU.ActiveCfg = Release|Any CPU
		{3D97F8FE-7BB9-495D-B1B1-234852EEFAB3}.Release|Any CPU.Build.0 = Release|Any CPU
	EndGlobalSection
	GlobalSection(SolutionProperties) = preSolution
		HideSolutionNode = FALSE
	EndGlobalSection
	GlobalSection(ExtensibilityGlobals) = postSolution
		SolutionGuid = {23151D31-76AB-4F48-B759-F9C4263BC1B0}
	EndGlobalSection
EndGlobal
