
Microsoft Visual Studio Solution File, Format Version 12.00
# Visual Studio Version 17
VisualStudioVersion = 17.8.34525.116
MinimumVisualStudioVersion = 10.0.40219.1
Project("{FAE04EC0-301F-11D3-BF4B-00C04F79EFBC}") = "Roteiriza BackEnd", "Roteiriza BackEnd\Roteiriza BackEnd.csproj", "{1EE37C18-6376-42AA-8A62-47C2D11793E2}"
EndProject
Global
	GlobalSection(SolutionConfigurationPlatforms) = preSolution
		Debug|Any CPU = Debug|Any CPU
		Release|Any CPU = Release|Any CPU
	EndGlobalSection
	GlobalSection(ProjectConfigurationPlatforms) = postSolution
		{1EE37C18-6376-42AA-8A62-47C2D11793E2}.Debug|Any CPU.ActiveCfg = Debug|Any CPU
		{1EE37C18-6376-42AA-8A62-47C2D11793E2}.Debug|Any CPU.Build.0 = Debug|Any CPU
		{1EE37C18-6376-42AA-8A62-47C2D11793E2}.Release|Any CPU.ActiveCfg = Release|Any CPU
		{1EE37C18-6376-42AA-8A62-47C2D11793E2}.Release|Any CPU.Build.0 = Release|Any CPU
	EndGlobalSection
	GlobalSection(SolutionProperties) = preSolution
		HideSolutionNode = FALSE
	EndGlobalSection
	GlobalSection(ExtensibilityGlobals) = postSolution
		SolutionGuid = {644F6ACB-C970-4F9D-9D5A-EEA90639BCAC}
	EndGlobalSection
EndGlobal
