
Microsoft Visual Studio Solution File, Format Version 12.00
# Visual Studio Version 17
VisualStudioVersion = 17.7.34024.191
MinimumVisualStudioVersion = 10.0.40219.1
Project("{FAE04EC0-301F-11D3-BF4B-00C04F79EFBC}") = "Gestão de Alunos", "Gestão de Alunos\Gestão de Alunos.csproj", "{B3C3DF93-71DB-4359-AE05-208F2032353D}"
EndProject
Global
	GlobalSection(SolutionConfigurationPlatforms) = preSolution
		Debug|Any CPU = Debug|Any CPU
		Release|Any CPU = Release|Any CPU
	EndGlobalSection
	GlobalSection(ProjectConfigurationPlatforms) = postSolution
		{B3C3DF93-71DB-4359-AE05-208F2032353D}.Debug|Any CPU.ActiveCfg = Debug|Any CPU
		{B3C3DF93-71DB-4359-AE05-208F2032353D}.Debug|Any CPU.Build.0 = Debug|Any CPU
		{B3C3DF93-71DB-4359-AE05-208F2032353D}.Release|Any CPU.ActiveCfg = Release|Any CPU
		{B3C3DF93-71DB-4359-AE05-208F2032353D}.Release|Any CPU.Build.0 = Release|Any CPU
	EndGlobalSection
	GlobalSection(SolutionProperties) = preSolution
		HideSolutionNode = FALSE
	EndGlobalSection
	GlobalSection(ExtensibilityGlobals) = postSolution
		SolutionGuid = {1F5B330E-5FA1-4C69-90F3-6AF9AB123768}
	EndGlobalSection
EndGlobal
