
Microsoft Visual Studio Solution File, Format Version 12.00
# Visual Studio Version 17
VisualStudioVersion = 17.7.34024.191
MinimumVisualStudioVersion = 10.0.40219.1
Project("{FAE04EC0-301F-11D3-BF4B-00C04F79EFBC}") = "Aplicação Console", "Aplicação Console\Aplicação Console.csproj", "{0AD013E1-3721-489E-BA3D-DF939EECF7FA}"
EndProject
Global
	GlobalSection(SolutionConfigurationPlatforms) = preSolution
		Debug|Any CPU = Debug|Any CPU
		Release|Any CPU = Release|Any CPU
	EndGlobalSection
	GlobalSection(ProjectConfigurationPlatforms) = postSolution
		{0AD013E1-3721-489E-BA3D-DF939EECF7FA}.Debug|Any CPU.ActiveCfg = Debug|Any CPU
		{0AD013E1-3721-489E-BA3D-DF939EECF7FA}.Debug|Any CPU.Build.0 = Debug|Any CPU
		{0AD013E1-3721-489E-BA3D-DF939EECF7FA}.Release|Any CPU.ActiveCfg = Release|Any CPU
		{0AD013E1-3721-489E-BA3D-DF939EECF7FA}.Release|Any CPU.Build.0 = Release|Any CPU
	EndGlobalSection
	GlobalSection(SolutionProperties) = preSolution
		HideSolutionNode = FALSE
	EndGlobalSection
	GlobalSection(ExtensibilityGlobals) = postSolution
		SolutionGuid = {EFFC0379-1282-42E4-80A8-A1BC200A9480}
	EndGlobalSection
EndGlobal
